
Microsoft Visual Studio Solution File, Format Version 12.00
# Visual Studio Version 17
VisualStudioVersion = 17.1.32319.34
MinimumVisualStudioVersion = 10.0.40219.1
Project("{FAE04EC0-301F-11D3-BF4B-00C04F79EFBC}") = "GlobalBan-Reborn", "GlobalBan-Reborn.csproj", "{CC971501-01F7-44D9-B7E6-4505BAC7DC5F}"
EndProject
Global
	GlobalSection(SolutionConfigurationPlatforms) = preSolution
		Debug|Any CPU = Debug|Any CPU
		Release|Any CPU = Release|Any CPU
	EndGlobalSection
	GlobalSection(ProjectConfigurationPlatforms) = postSolution
		{CC971501-01F7-44D9-B7E6-4505BAC7DC5F}.Debug|Any CPU.ActiveCfg = Debug|Any CPU
		{CC971501-01F7-44D9-B7E6-4505BAC7DC5F}.Debug|Any CPU.Build.0 = Debug|Any CPU
		{CC971501-01F7-44D9-B7E6-4505BAC7DC5F}.Release|Any CPU.ActiveCfg = Release|Any CPU
		{CC971501-01F7-44D9-B7E6-4505BAC7DC5F}.Release|Any CPU.Build.0 = Release|Any CPU
	EndGlobalSection
	GlobalSection(SolutionProperties) = preSolution
		HideSolutionNode = FALSE
	EndGlobalSection
	GlobalSection(ExtensibilityGlobals) = postSolution
		SolutionGuid = {C416F79E-8F72-4B49-B3D9-8F4652196DBB}
	EndGlobalSection
EndGlobal
